{
  "lockfileVersion": 1,
  "dependencies": {
    "angular": {
      "version": "1.6.4",
      "resolved": "https://registry.npmjs.org/angular/-/angular-1.6.4.tgz",
      "integrity": "sha1-A7exXAGggC1+LPWTJA5gQFTcd/s="
    },
    "angular-carousel": {
      "version": "https://registry.npmjs.org/angular-carousel/-/angular-carousel-1.0.2.tgz",
      "integrity": "sha1-mZztSnp7Ha3phhc96/ApkxUpWvo="
    },
    "angular-resource": {
      "version": "1.6.4",
      "resolved": "https://registry.npmjs.org/angular-resource/-/angular-resource-1.6.4.tgz",
      "integrity": "sha1-vLg2iLCn00Av3ljcf0iBODpsDrs="
    },
    "angular-smart-table": {
      "version": "https://registry.npmjs.org/angular-smart-table/-/angular-smart-table-2.1.8.tgz",
      "integrity": "sha1-Uh8ypGXnM04HPFwa4JPFnCuPylA="
    },
    "angular-touch": {
      "version": "https://registry.npmjs.org/angular-touch/-/angular-touch-1.6.4.tgz",
      "integrity": "sha1-AnUPzPd8oO2Umm0TISY6uw+GsiM="
    },
    "angularjs-social-login": {
      "version": "2.5.1",
      "resolved": "https://registry.npmjs.org/angularjs-social-login/-/angularjs-social-login-2.5.1.tgz",
      "integrity": "sha1-NFLlLAM3gpfGT/NziDAciURSjEQ="
    },
    "magic-check": {
      "version": "https://registry.npmjs.org/magic-check/-/magic-check-1.0.3.tgz",
      "integrity": "sha1-Mjb7cg8z7IuCFmMkdUdVbaZlvkI="
    }
  }
}
